
Microsoft Visual Studio Solution File, Format Version 12.00
# Visual Studio 15
VisualStudioVersion = 15.0.27703.2035
MinimumVisualStudioVersion = 10.0.40219.1
Project("{FAE04EC0-301F-11D3-BF4B-00C04F79EFBC}") = "RedRidingHood", "RedRidingHood\RedRidingHood.csproj", "{D39F6A0C-FE86-44A6-AAF7-548BAABCF707}"
EndProject
Global
	GlobalSection(SolutionConfigurationPlatforms) = preSolution
		Debug|Any CPU = Debug|Any CPU
		Release|Any CPU = Release|Any CPU
	EndGlobalSection
	GlobalSection(ProjectConfigurationPlatforms) = postSolution
		{D39F6A0C-FE86-44A6-AAF7-548BAABCF707}.Debug|Any CPU.ActiveCfg = Debug|Any CPU
		{D39F6A0C-FE86-44A6-AAF7-548BAABCF707}.Debug|Any CPU.Build.0 = Debug|Any CPU
		{D39F6A0C-FE86-44A6-AAF7-548BAABCF707}.Release|Any CPU.ActiveCfg = Release|Any CPU
		{D39F6A0C-FE86-44A6-AAF7-548BAABCF707}.Release|Any CPU.Build.0 = Release|Any CPU
	EndGlobalSection
	GlobalSection(SolutionProperties) = preSolution
		HideSolutionNode = FALSE
	EndGlobalSection
	GlobalSection(ExtensibilityGlobals) = postSolution
		SolutionGuid = {BEE4CA12-837B-468E-AD10-DA193CAD6710}
	EndGlobalSection
EndGlobal
